
Microsoft Visual Studio Solution File, Format Version 12.00
# Visual Studio Version 17
VisualStudioVersion = 17.14.36811.4
MinimumVisualStudioVersion = 10.0.40219.1
Project("{FAE04EC0-301F-11D3-BF4B-00C04F79EFBC}") = "CorporateSoccerWorldCup.Api", "CorporateSoccerWorldCup.Api\CorporateSoccerWorldCup.Api.csproj", "{809FFA8C-EF3E-4377-84CD-EDE87824DAA1}"
EndProject
Project("{2150E333-8FDC-42A3-9474-1A3956D46DE8}") = "src", "src", "{02EA681E-C7D8-13C7-8484-4AC65E1B71E8}"
EndProject
Project("{FAE04EC0-301F-11D3-BF4B-00C04F79EFBC}") = "CorporateSoccerWorldCup.Domain", "CorporateSoccerWorldCup.Domain\CorporateSoccerWorldCup.Domain.csproj", "{142A5263-BD08-40CD-B418-78573141F499}"
EndProject
Project("{FAE04EC0-301F-11D3-BF4B-00C04F79EFBC}") = "CorporateSoccerWorldCup.Application", "CorporateSoccerWorldCup.Application\CorporateSoccerWorldCup.Application.csproj", "{2C1FCBC7-BFD6-4C75-A450-EBE7CE72EA3C}"
EndProject
Project("{FAE04EC0-301F-11D3-BF4B-00C04F79EFBC}") = "CorporateSoccerWorldCup.Infrastructure", "CorporateSoccerWorldCup.Infrastructure\CorporateSoccerWorldCup.Infrastructure.csproj", "{116E08BC-6EA8-434C-8271-20E47B3878E7}"
EndProject
Project("{FAE04EC0-301F-11D3-BF4B-00C04F79EFBC}") = "CorporateSoccerWorldCup.Tests", "CorporateSoccerWorldCup.Tests\CorporateSoccerWorldCup.Tests.csproj", "{51D952CF-4EB7-46ED-8631-949EE99A1BB0}"
EndProject
Project("{2150E333-8FDC-42A3-9474-1A3956D46DE8}") = "tests", "tests", "{757C10A1-AF82-4037-9EE0-24CB43AECB36}"
EndProject
Global
	GlobalSection(SolutionConfigurationPlatforms) = preSolution
		Debug|Any CPU = Debug|Any CPU
		Release|Any CPU = Release|Any CPU
	EndGlobalSection
	GlobalSection(ProjectConfigurationPlatforms) = postSolution
		{809FFA8C-EF3E-4377-84CD-EDE87824DAA1}.Debug|Any CPU.ActiveCfg = Debug|Any CPU
		{809FFA8C-EF3E-4377-84CD-EDE87824DAA1}.Debug|Any CPU.Build.0 = Debug|Any CPU
		{809FFA8C-EF3E-4377-84CD-EDE87824DAA1}.Release|Any CPU.ActiveCfg = Release|Any CPU
		{809FFA8C-EF3E-4377-84CD-EDE87824DAA1}.Release|Any CPU.Build.0 = Release|Any CPU
		{142A5263-BD08-40CD-B418-78573141F499}.Debug|Any CPU.ActiveCfg = Debug|Any CPU
		{142A5263-BD08-40CD-B418-78573141F499}.Debug|Any CPU.Build.0 = Debug|Any CPU
		{142A5263-BD08-40CD-B418-78573141F499}.Release|Any CPU.ActiveCfg = Release|Any CPU
		{142A5263-BD08-40CD-B418-78573141F499}.Release|Any CPU.Build.0 = Release|Any CPU
		{2C1FCBC7-BFD6-4C75-A450-EBE7CE72EA3C}.Debug|Any CPU.ActiveCfg = Debug|Any CPU
		{2C1FCBC7-BFD6-4C75-A450-EBE7CE72EA3C}.Debug|Any CPU.Build.0 = Debug|Any CPU
		{2C1FCBC7-BFD6-4C75-A450-EBE7CE72EA3C}.Release|Any CPU.ActiveCfg = Release|Any CPU
		{2C1FCBC7-BFD6-4C75-A450-EBE7CE72EA3C}.Release|Any CPU.Build.0 = Release|Any CPU
		{116E08BC-6EA8-434C-8271-20E47B3878E7}.Debug|Any CPU.ActiveCfg = Debug|Any CPU
		{116E08BC-6EA8-434C-8271-20E47B3878E7}.Debug|Any CPU.Build.0 = Debug|Any CPU
		{116E08BC-6EA8-434C-8271-20E47B3878E7}.Release|Any CPU.ActiveCfg = Release|Any CPU
		{116E08BC-6EA8-434C-8271-20E47B3878E7}.Release|Any CPU.Build.0 = Release|Any CPU
		{51D952CF-4EB7-46ED-8631-949EE99A1BB0}.Debug|Any CPU.ActiveCfg = Debug|Any CPU
		{51D952CF-4EB7-46ED-8631-949EE99A1BB0}.Debug|Any CPU.Build.0 = Debug|Any CPU
		{51D952CF-4EB7-46ED-8631-949EE99A1BB0}.Release|Any CPU.ActiveCfg = Release|Any CPU
		{51D952CF-4EB7-46ED-8631-949EE99A1BB0}.Release|Any CPU.Build.0 = Release|Any CPU
	EndGlobalSection
	GlobalSection(SolutionProperties) = preSolution
		HideSolutionNode = FALSE
	EndGlobalSection
	GlobalSection(NestedProjects) = preSolution
		{809FFA8C-EF3E-4377-84CD-EDE87824DAA1} = {02EA681E-C7D8-13C7-8484-4AC65E1B71E8}
		{142A5263-BD08-40CD-B418-78573141F499} = {02EA681E-C7D8-13C7-8484-4AC65E1B71E8}
		{2C1FCBC7-BFD6-4C75-A450-EBE7CE72EA3C} = {02EA681E-C7D8-13C7-8484-4AC65E1B71E8}
		{116E08BC-6EA8-434C-8271-20E47B3878E7} = {02EA681E-C7D8-13C7-8484-4AC65E1B71E8}
		{51D952CF-4EB7-46ED-8631-949EE99A1BB0} = {757C10A1-AF82-4037-9EE0-24CB43AECB36}
	EndGlobalSection
	GlobalSection(ExtensibilityGlobals) = postSolution
		SolutionGuid = {14D3D5B2-9E2C-4EE1-B64B-B07FC18D040F}
	EndGlobalSection
EndGlobal
